# FULLY PINNED GPU environment - every package, including transitive dependencies.
# Frozen from the environment this project was verified in (30 Sep 2026): Windows 11, CPython 3.11.9,
# NVIDIA RTX 4050 Laptop GPU, driver 596.49 (CUDA 12 user-space libraries come from the nvidia-* wheels below).
# 359 tests pass and the gates pass in exactly this set.
#
# Install into a NEW virtual environment (venvs are not portable), WITHOUT dependency resolution:
#     python -m venv .venv-local
#     .venv-local\Scripts\python.exe -m pip install --no-deps -r requirements-gpu.lock
# --no-deps is required and safe (everything is pinned): faster-whisper declares a dependency on plain
# `onnxruntime`, which would be installed next to onnxruntime-gpu and silently win (see requirements-gpu.txt).
# `pip check` will therefore report "faster-whisper requires onnxruntime, which is not installed" - expected.
#
# Optional audio front end only (outside the official scope): faster-whisper, ctranslate2, av.
# The hand-curated top-level list is requirements-gpu.txt; the CPU / Docker equivalent is requirements-cpu.lock.
# Windows-specific entries (colorama, pyreadline3) are harmless elsewhere but unnecessary.
annotated-doc==0.0.5
annotated-types==0.8.0
anyio==4.15.1
attrs==26.1.0
av==18.1.0
blis==1.3.3
catalogue==2.0.10
certifi==2026.7.22
charset-normalizer==3.5.2
click==8.5.0
cloudpathlib==0.25.0
colorama==0.4.6
coloredlogs==15.0.1
confection==1.3.3
ctranslate2==4.8.2
cymem==2.0.13
faster-whisper==1.2.1
filelock==4.0.7
flatbuffers==25.12.19
fsspec==2026.9.0
h11==0.16.0
hf-xet==1.6.0
httpcore==1.0.9
httpx==0.28.1
huggingface_hub==1.32.0
humanfriendly==10.0
idna==3.20
iniconfig==2.3.0
Jinja2==3.1.6
jsonschema-specifications==2025.9.1
jsonschema==4.26.0
markdown-it-py==4.2.0
MarkupSafe==3.0.3
mdurl==0.1.2
ml_dtypes==0.6.0
mpmath==1.3.0
murmurhash==1.0.15
numpy==2.4.6
nvidia-cublas-cu12==12.9.2.10
nvidia-cuda-nvrtc-cu12==12.9.86
nvidia-cuda-runtime-cu12==12.9.79
nvidia-cudnn-cu12==9.26.0.51
nvidia-cufft-cu12==11.4.1.4
nvidia-curand-cu12==10.3.10.19
nvidia-nvjitlink-cu12==12.9.86
onnx==1.23.0
onnxruntime-gpu==1.20.0
packaging==26.3
pandas==3.0.5
pluggy==1.6.0
preshed==3.0.13
protobuf==7.36.2
pyarrow==25.0.1
pydantic==2.13.5
pydantic_core==2.46.5
Pygments==2.21.0
pyreadline3==3.5.6
pytest-asyncio==1.4.0
pytest==9.1.1
python-dateutil==2.9.0.post0
PyYAML==6.0.2
referencing==0.37.0
requests==2.34.2
rich==15.0.0
rpds-py==2026.6.3
shellingham==1.5.4
six==1.17.0
smart_open==8.0.2
spacy-legacy==3.0.12
spacy-loggers==1.0.5
spacy==3.8.16
srsly==2.5.4
sympy==1.14.0
thinc==8.3.13
tokenizers==0.23.2
tqdm==4.70.1
typer==0.27.2
typing-inspection==0.4.4
typing_extensions==4.16.0
tzdata==2026.4
urllib3==2.8.0
wasabi==1.1.3
weasel==1.0.0
wrapt==2.5.0
